{
  "name": "FCS_Website",
  "lockfileVersion": 2,
  "requires": true,
  "packages": {
    "": {
      "dependencies": {
        "simple-keyboard": "^3.4.192"
      }
    },
    "node_modules/simple-keyboard": {
      "version": "3.4.192",
      "resolved": "https://registry.npmjs.org/simple-keyboard/-/simple-keyboard-3.4.192.tgz",
      "integrity": "sha512-xU8XtrXgZzwCddWUNAU1rBCT2tcUvYI3/0cRuPcFJrQHth+SvMnr21SE56T93ytX21erAumfkJC6juKfdjONYw=="
    }
  },
  "dependencies": {
    "simple-keyboard": {
      "version": "3.4.192",
      "resolved": "https://registry.npmjs.org/simple-keyboard/-/simple-keyboard-3.4.192.tgz",
      "integrity": "sha512-xU8XtrXgZzwCddWUNAU1rBCT2tcUvYI3/0cRuPcFJrQHth+SvMnr21SE56T93ytX21erAumfkJC6juKfdjONYw=="
    }
  }
}
